
Microsoft Visual Studio Solution File, Format Version 12.00
# Visual Studio Version 16
VisualStudioVersion = 16.0.31005.135
MinimumVisualStudioVersion = 10.0.40219.1
Project("{8BC9CEB8-8B4A-11D0-8D11-00A0C91BC942}") = "replace", "replace\replace.vcxproj", "{9EAA13FF-E817-40D3-847D-00785427C47B}"
EndProject
Global
	GlobalSection(SolutionConfigurationPlatforms) = preSolution
		Debug|x64 = Debug|x64
		Debug|x86 = Debug|x86
		Release|x64 = Release|x64
		Release|x86 = Release|x86
	EndGlobalSection
	GlobalSection(ProjectConfigurationPlatforms) = postSolution
		{9EAA13FF-E817-40D3-847D-00785427C47B}.Debug|x64.ActiveCfg = Debug|x64
		{9EAA13FF-E817-40D3-847D-00785427C47B}.Debug|x64.Build.0 = Debug|x64
		{9EAA13FF-E817-40D3-847D-00785427C47B}.Debug|x86.ActiveCfg = Debug|Win32
		{9EAA13FF-E817-40D3-847D-00785427C47B}.Debug|x86.Build.0 = Debug|Win32
		{9EAA13FF-E817-40D3-847D-00785427C47B}.Release|x64.ActiveCfg = Release|x64
		{9EAA13FF-E817-40D3-847D-00785427C47B}.Release|x64.Build.0 = Release|x64
		{9EAA13FF-E817-40D3-847D-00785427C47B}.Release|x86.ActiveCfg = Release|Win32
		{9EAA13FF-E817-40D3-847D-00785427C47B}.Release|x86.Build.0 = Release|Win32
	EndGlobalSection
	GlobalSection(SolutionProperties) = preSolution
		HideSolutionNode = FALSE
	EndGlobalSection
	GlobalSection(ExtensibilityGlobals) = postSolution
		SolutionGuid = {7FA06F07-243C-4CFC-A303-F841346A7F22}
	EndGlobalSection
EndGlobal
