
Microsoft Visual Studio Solution File, Format Version 12.00
# Visual Studio Version 16
VisualStudioVersion = 16.0.31005.135
MinimumVisualStudioVersion = 10.0.40219.1
Project("{8BC9CEB8-8B4A-11D0-8D11-00A0C91BC942}") = "Bodies", "Bodies\Bodies.vcxproj", "{E51682F7-F024-4784-82A2-90BC94677679}"
EndProject
Project("{8BC9CEB8-8B4A-11D0-8D11-00A0C91BC942}") = "Bodies_tests", "Bodies_tests\Bodies_tests.vcxproj", "{5B1918C9-DA75-4D8F-AB7E-B875CF123E5C}"
EndProject
Global
	GlobalSection(SolutionConfigurationPlatforms) = preSolution
		Debug|x64 = Debug|x64
		Debug|x86 = Debug|x86
		Release|x64 = Release|x64
		Release|x86 = Release|x86
	EndGlobalSection
	GlobalSection(ProjectConfigurationPlatforms) = postSolution
		{E51682F7-F024-4784-82A2-90BC94677679}.Debug|x64.ActiveCfg = Debug|x64
		{E51682F7-F024-4784-82A2-90BC94677679}.Debug|x64.Build.0 = Debug|x64
		{E51682F7-F024-4784-82A2-90BC94677679}.Debug|x86.ActiveCfg = Debug|Win32
		{E51682F7-F024-4784-82A2-90BC94677679}.Debug|x86.Build.0 = Debug|Win32
		{E51682F7-F024-4784-82A2-90BC94677679}.Release|x64.ActiveCfg = Release|x64
		{E51682F7-F024-4784-82A2-90BC94677679}.Release|x64.Build.0 = Release|x64
		{E51682F7-F024-4784-82A2-90BC94677679}.Release|x86.ActiveCfg = Release|Win32
		{E51682F7-F024-4784-82A2-90BC94677679}.Release|x86.Build.0 = Release|Win32
		{5B1918C9-DA75-4D8F-AB7E-B875CF123E5C}.Debug|x64.ActiveCfg = Debug|x64
		{5B1918C9-DA75-4D8F-AB7E-B875CF123E5C}.Debug|x64.Build.0 = Debug|x64
		{5B1918C9-DA75-4D8F-AB7E-B875CF123E5C}.Debug|x86.ActiveCfg = Debug|Win32
		{5B1918C9-DA75-4D8F-AB7E-B875CF123E5C}.Debug|x86.Build.0 = Debug|Win32
		{5B1918C9-DA75-4D8F-AB7E-B875CF123E5C}.Release|x64.ActiveCfg = Release|x64
		{5B1918C9-DA75-4D8F-AB7E-B875CF123E5C}.Release|x64.Build.0 = Release|x64
		{5B1918C9-DA75-4D8F-AB7E-B875CF123E5C}.Release|x86.ActiveCfg = Release|Win32
		{5B1918C9-DA75-4D8F-AB7E-B875CF123E5C}.Release|x86.Build.0 = Release|Win32
	EndGlobalSection
	GlobalSection(SolutionProperties) = preSolution
		HideSolutionNode = FALSE
	EndGlobalSection
	GlobalSection(ExtensibilityGlobals) = postSolution
		SolutionGuid = {4186B42D-AC5D-4420-B855-D570DBD645CB}
	EndGlobalSection
EndGlobal
