
Microsoft Visual Studio Solution File, Format Version 12.00
# Visual Studio Version 16
VisualStudioVersion = 16.0.31005.135
MinimumVisualStudioVersion = 10.0.40219.1
Project("{8BC9CEB8-8B4A-11D0-8D11-00A0C91BC942}") = "Complex", "Complex\Complex.vcxproj", "{5BF07047-8ABD-4DDF-BD34-B1FCB825ED9D}"
EndProject
Project("{8BC9CEB8-8B4A-11D0-8D11-00A0C91BC942}") = "CComplex_tests", "CComplex_tests\CComplex_tests.vcxproj", "{E54E3FC1-D43A-4AED-9FBB-DE9CB5B177DD}"
EndProject
Project("{8BC9CEB8-8B4A-11D0-8D11-00A0C91BC942}") = "MyString", "MyString\MyString.vcxproj", "{C4AB9315-FA65-4A5B-968C-4B3FD79EA65D}"
EndProject
Project("{8BC9CEB8-8B4A-11D0-8D11-00A0C91BC942}") = "MyString_tests", "MyString_tests\MyString_tests.vcxproj", "{E57B7051-6648-4D2C-95E2-7CCF3425AFD5}"
EndProject
Global
	GlobalSection(SolutionConfigurationPlatforms) = preSolution
		Debug|x64 = Debug|x64
		Debug|x86 = Debug|x86
		Release|x64 = Release|x64
		Release|x86 = Release|x86
	EndGlobalSection
	GlobalSection(ProjectConfigurationPlatforms) = postSolution
		{5BF07047-8ABD-4DDF-BD34-B1FCB825ED9D}.Debug|x64.ActiveCfg = Debug|x64
		{5BF07047-8ABD-4DDF-BD34-B1FCB825ED9D}.Debug|x64.Build.0 = Debug|x64
		{5BF07047-8ABD-4DDF-BD34-B1FCB825ED9D}.Debug|x86.ActiveCfg = Debug|Win32
		{5BF07047-8ABD-4DDF-BD34-B1FCB825ED9D}.Debug|x86.Build.0 = Debug|Win32
		{5BF07047-8ABD-4DDF-BD34-B1FCB825ED9D}.Release|x64.ActiveCfg = Release|x64
		{5BF07047-8ABD-4DDF-BD34-B1FCB825ED9D}.Release|x64.Build.0 = Release|x64
		{5BF07047-8ABD-4DDF-BD34-B1FCB825ED9D}.Release|x86.ActiveCfg = Release|Win32
		{5BF07047-8ABD-4DDF-BD34-B1FCB825ED9D}.Release|x86.Build.0 = Release|Win32
		{E54E3FC1-D43A-4AED-9FBB-DE9CB5B177DD}.Debug|x64.ActiveCfg = Debug|x64
		{E54E3FC1-D43A-4AED-9FBB-DE9CB5B177DD}.Debug|x64.Build.0 = Debug|x64
		{E54E3FC1-D43A-4AED-9FBB-DE9CB5B177DD}.Debug|x86.ActiveCfg = Debug|Win32
		{E54E3FC1-D43A-4AED-9FBB-DE9CB5B177DD}.Debug|x86.Build.0 = Debug|Win32
		{E54E3FC1-D43A-4AED-9FBB-DE9CB5B177DD}.Release|x64.ActiveCfg = Release|x64
		{E54E3FC1-D43A-4AED-9FBB-DE9CB5B177DD}.Release|x64.Build.0 = Release|x64
		{E54E3FC1-D43A-4AED-9FBB-DE9CB5B177DD}.Release|x86.ActiveCfg = Release|Win32
		{E54E3FC1-D43A-4AED-9FBB-DE9CB5B177DD}.Release|x86.Build.0 = Release|Win32
		{C4AB9315-FA65-4A5B-968C-4B3FD79EA65D}.Debug|x64.ActiveCfg = Debug|x64
		{C4AB9315-FA65-4A5B-968C-4B3FD79EA65D}.Debug|x64.Build.0 = Debug|x64
		{C4AB9315-FA65-4A5B-968C-4B3FD79EA65D}.Debug|x86.ActiveCfg = Debug|Win32
		{C4AB9315-FA65-4A5B-968C-4B3FD79EA65D}.Debug|x86.Build.0 = Debug|Win32
		{C4AB9315-FA65-4A5B-968C-4B3FD79EA65D}.Release|x64.ActiveCfg = Release|x64
		{C4AB9315-FA65-4A5B-968C-4B3FD79EA65D}.Release|x64.Build.0 = Release|x64
		{C4AB9315-FA65-4A5B-968C-4B3FD79EA65D}.Release|x86.ActiveCfg = Release|Win32
		{C4AB9315-FA65-4A5B-968C-4B3FD79EA65D}.Release|x86.Build.0 = Release|Win32
		{E57B7051-6648-4D2C-95E2-7CCF3425AFD5}.Debug|x64.ActiveCfg = Debug|x64
		{E57B7051-6648-4D2C-95E2-7CCF3425AFD5}.Debug|x64.Build.0 = Debug|x64
		{E57B7051-6648-4D2C-95E2-7CCF3425AFD5}.Debug|x86.ActiveCfg = Debug|Win32
		{E57B7051-6648-4D2C-95E2-7CCF3425AFD5}.Debug|x86.Build.0 = Debug|Win32
		{E57B7051-6648-4D2C-95E2-7CCF3425AFD5}.Release|x64.ActiveCfg = Release|x64
		{E57B7051-6648-4D2C-95E2-7CCF3425AFD5}.Release|x64.Build.0 = Release|x64
		{E57B7051-6648-4D2C-95E2-7CCF3425AFD5}.Release|x86.ActiveCfg = Release|Win32
		{E57B7051-6648-4D2C-95E2-7CCF3425AFD5}.Release|x86.Build.0 = Release|Win32
	EndGlobalSection
	GlobalSection(SolutionProperties) = preSolution
		HideSolutionNode = FALSE
	EndGlobalSection
	GlobalSection(ExtensibilityGlobals) = postSolution
		SolutionGuid = {1A22EBBE-2051-4F42-B38E-AEC4C7188239}
	EndGlobalSection
EndGlobal
