
Microsoft Visual Studio Solution File, Format Version 12.00
# Visual Studio Version 16
VisualStudioVersion = 16.0.31005.135
MinimumVisualStudioVersion = 10.0.40219.1
Project("{8BC9CEB8-8B4A-11D0-8D11-00A0C91BC942}") = "FindMaxEx", "FindMaxEx\FindMaxEx.vcxproj", "{F29A06C8-8A01-4E97-AC69-B827ADA9EA97}"
EndProject
Project("{8BC9CEB8-8B4A-11D0-8D11-00A0C91BC942}") = "MyList", "CMyList\CMyList.vcxproj", "{AF242682-F55D-438E-80E7-1EB2F2F3385C}"
EndProject
Project("{8BC9CEB8-8B4A-11D0-8D11-00A0C91BC942}") = "MyList_tests", "MyList_tests\MyList_tests.vcxproj", "{F256C40A-E753-47EF-B529-BE1F06928AE9}"
EndProject
Global
	GlobalSection(SolutionConfigurationPlatforms) = preSolution
		Debug|x64 = Debug|x64
		Debug|x86 = Debug|x86
		Release|x64 = Release|x64
		Release|x86 = Release|x86
	EndGlobalSection
	GlobalSection(ProjectConfigurationPlatforms) = postSolution
		{F29A06C8-8A01-4E97-AC69-B827ADA9EA97}.Debug|x64.ActiveCfg = Debug|x64
		{F29A06C8-8A01-4E97-AC69-B827ADA9EA97}.Debug|x64.Build.0 = Debug|x64
		{F29A06C8-8A01-4E97-AC69-B827ADA9EA97}.Debug|x86.ActiveCfg = Debug|Win32
		{F29A06C8-8A01-4E97-AC69-B827ADA9EA97}.Debug|x86.Build.0 = Debug|Win32
		{F29A06C8-8A01-4E97-AC69-B827ADA9EA97}.Release|x64.ActiveCfg = Release|x64
		{F29A06C8-8A01-4E97-AC69-B827ADA9EA97}.Release|x64.Build.0 = Release|x64
		{F29A06C8-8A01-4E97-AC69-B827ADA9EA97}.Release|x86.ActiveCfg = Release|Win32
		{F29A06C8-8A01-4E97-AC69-B827ADA9EA97}.Release|x86.Build.0 = Release|Win32
		{AF242682-F55D-438E-80E7-1EB2F2F3385C}.Debug|x64.ActiveCfg = Debug|x64
		{AF242682-F55D-438E-80E7-1EB2F2F3385C}.Debug|x64.Build.0 = Debug|x64
		{AF242682-F55D-438E-80E7-1EB2F2F3385C}.Debug|x86.ActiveCfg = Debug|Win32
		{AF242682-F55D-438E-80E7-1EB2F2F3385C}.Debug|x86.Build.0 = Debug|Win32
		{AF242682-F55D-438E-80E7-1EB2F2F3385C}.Release|x64.ActiveCfg = Release|x64
		{AF242682-F55D-438E-80E7-1EB2F2F3385C}.Release|x64.Build.0 = Release|x64
		{AF242682-F55D-438E-80E7-1EB2F2F3385C}.Release|x86.ActiveCfg = Release|Win32
		{AF242682-F55D-438E-80E7-1EB2F2F3385C}.Release|x86.Build.0 = Release|Win32
		{F256C40A-E753-47EF-B529-BE1F06928AE9}.Debug|x64.ActiveCfg = Debug|x64
		{F256C40A-E753-47EF-B529-BE1F06928AE9}.Debug|x64.Build.0 = Debug|x64
		{F256C40A-E753-47EF-B529-BE1F06928AE9}.Debug|x86.ActiveCfg = Debug|Win32
		{F256C40A-E753-47EF-B529-BE1F06928AE9}.Debug|x86.Build.0 = Debug|Win32
		{F256C40A-E753-47EF-B529-BE1F06928AE9}.Release|x64.ActiveCfg = Release|x64
		{F256C40A-E753-47EF-B529-BE1F06928AE9}.Release|x64.Build.0 = Release|x64
		{F256C40A-E753-47EF-B529-BE1F06928AE9}.Release|x86.ActiveCfg = Release|Win32
		{F256C40A-E753-47EF-B529-BE1F06928AE9}.Release|x86.Build.0 = Release|Win32
	EndGlobalSection
	GlobalSection(SolutionProperties) = preSolution
		HideSolutionNode = FALSE
	EndGlobalSection
	GlobalSection(ExtensibilityGlobals) = postSolution
		SolutionGuid = {DC5BAE2D-CD3F-4406-B777-FBDC071A44C9}
	EndGlobalSection
EndGlobal
